
Microsoft Visual Studio Solution File, Format Version 12.00
# Visual Studio 14
VisualStudioVersion = 14.0.24720.0
MinimumVisualStudioVersion = 10.0.40219.1
Project("{FAE04EC0-301F-11D3-BF4B-00C04F79EFBC}") = "QA.AutomatedMagic", "QA.AutomatedMagic\QA.AutomatedMagic.csproj", "{DD5E0BDD-2DBA-4AA2-BDD3-9DF87487257B}"
EndProject
Project("{FAE04EC0-301F-11D3-BF4B-00C04F79EFBC}") = "QA.AutomatedMagic.Framework.UI", "QA.AutomatedMagic.Framework.UI\QA.AutomatedMagic.Framework.UI.csproj", "{5EB80719-06AB-463F-A841-488117A47075}"
EndProject
Project("{FAE04EC0-301F-11D3-BF4B-00C04F79EFBC}") = "QA.AutomatedMagic.Framework", "QA.AutomatedMagic.Framework\QA.AutomatedMagic.Framework.csproj", "{AC1040CF-4E54-4EBA-BC66-F61BA193A2F0}"
EndProject
Project("{FAE04EC0-301F-11D3-BF4B-00C04F79EFBC}") = "QA.AutomatedMagic.Framework.ConsoleRunner", "QA.AutomatedMagic.Framework.ConsoleRunner\QA.AutomatedMagic.Framework.ConsoleRunner.csproj", "{E22C32F0-701D-4FF5-A6D9-CC446570EFD1}"
EndProject
Project("{FAE04EC0-301F-11D3-BF4B-00C04F79EFBC}") = "QA.AutomatedMagic.Reports.HtmlReport", "QA.AutomatedMagic.Reports.HtmlReport\QA.AutomatedMagic.Reports.HtmlReport.csproj", "{77FB2828-8499-4273-86D2-3EA8C66130DE}"
EndProject
Project("{FAE04EC0-301F-11D3-BF4B-00C04F79EFBC}") = "QA.AutomatedMagic.Framework.UI.ReportViewer", "QA.AutomatedMagic.Framework.UI.ReportViewer\QA.AutomatedMagic.Framework.UI.ReportViewer.csproj", "{3457AB50-DC8F-4F13-8DA8-5036055ECA3F}"
EndProject
Project("{FAE04EC0-301F-11D3-BF4B-00C04F79EFBC}") = "QA.AutomatedMagic.Framework.Core", "QA.AutomatedMagic.Framework.Core\QA.AutomatedMagic.Framework.Core.csproj", "{9818C967-D9D1-4ACA-BDD5-D7F220225504}"
EndProject
Project("{FAE04EC0-301F-11D3-BF4B-00C04F79EFBC}") = "QA.AutomatedMagic.Reports.HtmlReport.Console", "QA.AutomatedMagic.Reports.HtmlReport.Console\QA.AutomatedMagic.Reports.HtmlReport.Console.csproj", "{609EA011-BB7A-4AC3-93EB-93F140F50B30}"
EndProject
Global
	GlobalSection(SolutionConfigurationPlatforms) = preSolution
		Debug|Any CPU = Debug|Any CPU
		Release|Any CPU = Release|Any CPU
	EndGlobalSection
	GlobalSection(ProjectConfigurationPlatforms) = postSolution
		{DD5E0BDD-2DBA-4AA2-BDD3-9DF87487257B}.Debug|Any CPU.ActiveCfg = Debug|Any CPU
		{DD5E0BDD-2DBA-4AA2-BDD3-9DF87487257B}.Debug|Any CPU.Build.0 = Debug|Any CPU
		{DD5E0BDD-2DBA-4AA2-BDD3-9DF87487257B}.Release|Any CPU.ActiveCfg = Release|Any CPU
		{DD5E0BDD-2DBA-4AA2-BDD3-9DF87487257B}.Release|Any CPU.Build.0 = Release|Any CPU
		{5EB80719-06AB-463F-A841-488117A47075}.Debug|Any CPU.ActiveCfg = Debug|Any CPU
		{5EB80719-06AB-463F-A841-488117A47075}.Debug|Any CPU.Build.0 = Debug|Any CPU
		{5EB80719-06AB-463F-A841-488117A47075}.Release|Any CPU.ActiveCfg = Release|Any CPU
		{5EB80719-06AB-463F-A841-488117A47075}.Release|Any CPU.Build.0 = Release|Any CPU
		{AC1040CF-4E54-4EBA-BC66-F61BA193A2F0}.Debug|Any CPU.ActiveCfg = Debug|Any CPU
		{AC1040CF-4E54-4EBA-BC66-F61BA193A2F0}.Debug|Any CPU.Build.0 = Debug|Any CPU
		{AC1040CF-4E54-4EBA-BC66-F61BA193A2F0}.Release|Any CPU.ActiveCfg = Release|Any CPU
		{AC1040CF-4E54-4EBA-BC66-F61BA193A2F0}.Release|Any CPU.Build.0 = Release|Any CPU
		{E22C32F0-701D-4FF5-A6D9-CC446570EFD1}.Debug|Any CPU.ActiveCfg = Debug|Any CPU
		{E22C32F0-701D-4FF5-A6D9-CC446570EFD1}.Debug|Any CPU.Build.0 = Debug|Any CPU
		{E22C32F0-701D-4FF5-A6D9-CC446570EFD1}.Release|Any CPU.ActiveCfg = Release|Any CPU
		{E22C32F0-701D-4FF5-A6D9-CC446570EFD1}.Release|Any CPU.Build.0 = Release|Any CPU
		{77FB2828-8499-4273-86D2-3EA8C66130DE}.Debug|Any CPU.ActiveCfg = Debug|Any CPU
		{77FB2828-8499-4273-86D2-3EA8C66130DE}.Debug|Any CPU.Build.0 = Debug|Any CPU
		{77FB2828-8499-4273-86D2-3EA8C66130DE}.Release|Any CPU.ActiveCfg = Release|Any CPU
		{77FB2828-8499-4273-86D2-3EA8C66130DE}.Release|Any CPU.Build.0 = Release|Any CPU
		{3457AB50-DC8F-4F13-8DA8-5036055ECA3F}.Debug|Any CPU.ActiveCfg = Debug|Any CPU
		{3457AB50-DC8F-4F13-8DA8-5036055ECA3F}.Debug|Any CPU.Build.0 = Debug|Any CPU
		{3457AB50-DC8F-4F13-8DA8-5036055ECA3F}.Release|Any CPU.ActiveCfg = Release|Any CPU
		{3457AB50-DC8F-4F13-8DA8-5036055ECA3F}.Release|Any CPU.Build.0 = Release|Any CPU
		{9818C967-D9D1-4ACA-BDD5-D7F220225504}.Debug|Any CPU.ActiveCfg = Debug|Any CPU
		{9818C967-D9D1-4ACA-BDD5-D7F220225504}.Debug|Any CPU.Build.0 = Debug|Any CPU
		{9818C967-D9D1-4ACA-BDD5-D7F220225504}.Release|Any CPU.ActiveCfg = Release|Any CPU
		{9818C967-D9D1-4ACA-BDD5-D7F220225504}.Release|Any CPU.Build.0 = Release|Any CPU
		{609EA011-BB7A-4AC3-93EB-93F140F50B30}.Debug|Any CPU.ActiveCfg = Debug|Any CPU
		{609EA011-BB7A-4AC3-93EB-93F140F50B30}.Debug|Any CPU.Build.0 = Debug|Any CPU
		{609EA011-BB7A-4AC3-93EB-93F140F50B30}.Release|Any CPU.ActiveCfg = Release|Any CPU
		{609EA011-BB7A-4AC3-93EB-93F140F50B30}.Release|Any CPU.Build.0 = Release|Any CPU
	EndGlobalSection
	GlobalSection(SolutionProperties) = preSolution
		HideSolutionNode = FALSE
	EndGlobalSection
EndGlobal
