
Microsoft Visual Studio Solution File, Format Version 12.00
# Visual Studio 14
VisualStudioVersion = 14.0.24720.0
MinimumVisualStudioVersion = 10.0.40219.1
Project("{FAE04EC0-301F-11D3-BF4B-00C04F79EFBC}") = "QA.AutomatedMagic", "QA.AutomatedMagic\QA.AutomatedMagic.csproj", "{DD5E0BDD-2DBA-4AA2-BDD3-9DF87487257B}"
EndProject
Project("{FAE04EC0-301F-11D3-BF4B-00C04F79EFBC}") = "Test", "Test\Test.csproj", "{64E68D2A-136E-4A30-96EC-3140DAD7326A}"
EndProject
Project("{FAE04EC0-301F-11D3-BF4B-00C04F79EFBC}") = "QA.AutomatedMagic.Framework.UI", "QA.AutomatedMagic.Framework.UI\QA.AutomatedMagic.Framework.UI.csproj", "{5EB80719-06AB-463F-A841-488117A47075}"
EndProject
Project("{FAE04EC0-301F-11D3-BF4B-00C04F79EFBC}") = "QA.AutomatedMagic.Framework", "QA.AutomatedMagic.Framework\QA.AutomatedMagic.Framework.csproj", "{AC1040CF-4E54-4EBA-BC66-F61BA193A2F0}"
EndProject
Global
	GlobalSection(SolutionConfigurationPlatforms) = preSolution
		Debug|Any CPU = Debug|Any CPU
		Release|Any CPU = Release|Any CPU
	EndGlobalSection
	GlobalSection(ProjectConfigurationPlatforms) = postSolution
		{DD5E0BDD-2DBA-4AA2-BDD3-9DF87487257B}.Debug|Any CPU.ActiveCfg = Debug|Any CPU
		{DD5E0BDD-2DBA-4AA2-BDD3-9DF87487257B}.Debug|Any CPU.Build.0 = Debug|Any CPU
		{DD5E0BDD-2DBA-4AA2-BDD3-9DF87487257B}.Release|Any CPU.ActiveCfg = Release|Any CPU
		{DD5E0BDD-2DBA-4AA2-BDD3-9DF87487257B}.Release|Any CPU.Build.0 = Release|Any CPU
		{64E68D2A-136E-4A30-96EC-3140DAD7326A}.Debug|Any CPU.ActiveCfg = Debug|Any CPU
		{64E68D2A-136E-4A30-96EC-3140DAD7326A}.Debug|Any CPU.Build.0 = Debug|Any CPU
		{64E68D2A-136E-4A30-96EC-3140DAD7326A}.Release|Any CPU.ActiveCfg = Release|Any CPU
		{64E68D2A-136E-4A30-96EC-3140DAD7326A}.Release|Any CPU.Build.0 = Release|Any CPU
		{5EB80719-06AB-463F-A841-488117A47075}.Debug|Any CPU.ActiveCfg = Debug|Any CPU
		{5EB80719-06AB-463F-A841-488117A47075}.Debug|Any CPU.Build.0 = Debug|Any CPU
		{5EB80719-06AB-463F-A841-488117A47075}.Release|Any CPU.ActiveCfg = Release|Any CPU
		{5EB80719-06AB-463F-A841-488117A47075}.Release|Any CPU.Build.0 = Release|Any CPU
		{AC1040CF-4E54-4EBA-BC66-F61BA193A2F0}.Debug|Any CPU.ActiveCfg = Debug|Any CPU
		{AC1040CF-4E54-4EBA-BC66-F61BA193A2F0}.Debug|Any CPU.Build.0 = Debug|Any CPU
		{AC1040CF-4E54-4EBA-BC66-F61BA193A2F0}.Release|Any CPU.ActiveCfg = Release|Any CPU
		{AC1040CF-4E54-4EBA-BC66-F61BA193A2F0}.Release|Any CPU.Build.0 = Release|Any CPU
	EndGlobalSection
	GlobalSection(SolutionProperties) = preSolution
		HideSolutionNode = FALSE
	EndGlobalSection
EndGlobal
